
Microsoft Visual Studio Solution File, Format Version 12.00
# Visual Studio Version 17
VisualStudioVersion = 17.11.35208.52
MinimumVisualStudioVersion = 10.0.40219.1
Project("{FAE04EC0-301F-11D3-BF4B-00C04F79EFBC}") = "Ejemplo1_Método Directo", "Ejemplo1_Método Directo\Ejemplo1_Método Directo.csproj", "{2F0F9219-A314-4419-930E-75E309AA382F}"
EndProject
Global
	GlobalSection(SolutionConfigurationPlatforms) = preSolution
		Debug|Any CPU = Debug|Any CPU
		Release|Any CPU = Release|Any CPU
	EndGlobalSection
	GlobalSection(ProjectConfigurationPlatforms) = postSolution
		{2F0F9219-A314-4419-930E-75E309AA382F}.Debug|Any CPU.ActiveCfg = Debug|Any CPU
		{2F0F9219-A314-4419-930E-75E309AA382F}.Debug|Any CPU.Build.0 = Debug|Any CPU
		{2F0F9219-A314-4419-930E-75E309AA382F}.Release|Any CPU.ActiveCfg = Release|Any CPU
		{2F0F9219-A314-4419-930E-75E309AA382F}.Release|Any CPU.Build.0 = Release|Any CPU
	EndGlobalSection
	GlobalSection(SolutionProperties) = preSolution
		HideSolutionNode = FALSE
	EndGlobalSection
	GlobalSection(ExtensibilityGlobals) = postSolution
		SolutionGuid = {C7A2F8A7-2D8D-40F2-BE92-7AACF922D507}
	EndGlobalSection
EndGlobal
